
Microsoft Visual Studio Solution File, Format Version 12.00
# Visual Studio Version 17
VisualStudioVersion = 17.10.34928.147
MinimumVisualStudioVersion = 10.0.40219.1
Project("{9A19103F-16F7-4668-BE54-9A1E7A4F7556}") = "LojaVirtual.Server", "LojaVirtual.Server\LojaVirtual.Server.csproj", "{83A53DC0-9E65-4386-8B80-0F8A71A8F608}"
EndProject
Project("{9A19103F-16F7-4668-BE54-9A1E7A4F7556}") = "LojaVirtual.Server.Teste", "LojaVirtual.Server.Teste\LojaVirtual.Server.Teste.csproj", "{CF0BB45A-835C-4C8C-A3BF-21C43997F62C}"
EndProject
Project("{9A19103F-16F7-4668-BE54-9A1E7A4F7556}") = "LojaVirtual.Server.NewTest", "LojaVirtual.Server.NewTest\LojaVirtual.Server.NewTest.csproj", "{5D0231B3-9C38-48E5-A7BB-89AD71F18D51}"
	ProjectSection(ProjectDependencies) = postProject
		{83A53DC0-9E65-4386-8B80-0F8A71A8F608} = {83A53DC0-9E65-4386-8B80-0F8A71A8F608}
	EndProjectSection
EndProject
Project("{54A90642-561A-4BB1-A94E-469ADEE60C69}") = "lojavirtual.client", "LojaVirtual.Client\lojavirtual.client.esproj", "{24749B44-5FA9-45F3-AD1C-A17E61E59AF8}"
EndProject
Global
	GlobalSection(SolutionConfigurationPlatforms) = preSolution
		Debug|Any CPU = Debug|Any CPU
		Release|Any CPU = Release|Any CPU
	EndGlobalSection
	GlobalSection(ProjectConfigurationPlatforms) = postSolution
		{83A53DC0-9E65-4386-8B80-0F8A71A8F608}.Debug|Any CPU.ActiveCfg = Debug|Any CPU
		{83A53DC0-9E65-4386-8B80-0F8A71A8F608}.Debug|Any CPU.Build.0 = Debug|Any CPU
		{83A53DC0-9E65-4386-8B80-0F8A71A8F608}.Release|Any CPU.ActiveCfg = Release|Any CPU
		{83A53DC0-9E65-4386-8B80-0F8A71A8F608}.Release|Any CPU.Build.0 = Release|Any CPU
		{CF0BB45A-835C-4C8C-A3BF-21C43997F62C}.Debug|Any CPU.ActiveCfg = Debug|Any CPU
		{CF0BB45A-835C-4C8C-A3BF-21C43997F62C}.Debug|Any CPU.Build.0 = Debug|Any CPU
		{CF0BB45A-835C-4C8C-A3BF-21C43997F62C}.Release|Any CPU.ActiveCfg = Release|Any CPU
		{CF0BB45A-835C-4C8C-A3BF-21C43997F62C}.Release|Any CPU.Build.0 = Release|Any CPU
		{5D0231B3-9C38-48E5-A7BB-89AD71F18D51}.Debug|Any CPU.ActiveCfg = Debug|Any CPU
		{5D0231B3-9C38-48E5-A7BB-89AD71F18D51}.Debug|Any CPU.Build.0 = Debug|Any CPU
		{5D0231B3-9C38-48E5-A7BB-89AD71F18D51}.Release|Any CPU.ActiveCfg = Release|Any CPU
		{5D0231B3-9C38-48E5-A7BB-89AD71F18D51}.Release|Any CPU.Build.0 = Release|Any CPU
		{24749B44-5FA9-45F3-AD1C-A17E61E59AF8}.Debug|Any CPU.ActiveCfg = Debug|Any CPU
		{24749B44-5FA9-45F3-AD1C-A17E61E59AF8}.Debug|Any CPU.Build.0 = Debug|Any CPU
		{24749B44-5FA9-45F3-AD1C-A17E61E59AF8}.Debug|Any CPU.Deploy.0 = Debug|Any CPU
		{24749B44-5FA9-45F3-AD1C-A17E61E59AF8}.Release|Any CPU.ActiveCfg = Release|Any CPU
		{24749B44-5FA9-45F3-AD1C-A17E61E59AF8}.Release|Any CPU.Build.0 = Release|Any CPU
		{24749B44-5FA9-45F3-AD1C-A17E61E59AF8}.Release|Any CPU.Deploy.0 = Release|Any CPU
	EndGlobalSection
	GlobalSection(SolutionProperties) = preSolution
		HideSolutionNode = FALSE
	EndGlobalSection
	GlobalSection(ExtensibilityGlobals) = postSolution
		SolutionGuid = {CB345B1B-8592-452E-B6DB-87A67904B130}
	EndGlobalSection
EndGlobal
